{
  "name": "vector-field",
  "version": "2.1.2",
  "lockfileVersion": 2,
  "requires": true,
  "packages": {
    "": {
      "name": "vector-field",
      "version": "2.1.2",
      "funding": [
        {
          "type": "individual",
          "url": "https://paypal.me/dmnsgn"
        },
        {
          "type": "individual",
          "url": "https://commerce.coinbase.com/checkout/56cbdf28-e323-48d8-9c98-7019e72c97f3"
        }
      ],
      "license": "MIT",
      "devDependencies": {
        "canvas-context": "^3.3.0",
        "es-module-shims": "^1.10.0",
        "simplex-noise": "^4.0.1",
        "three": "^0.166.1",
        "tweakpane": "^4.0.4"
      },
      "engines": {
        "node": ">=18.0.0",
        "npm": ">=8.6.0"
      }
    },
    "node_modules/canvas-context": {
      "version": "3.3.0",
      "resolved": "https://registry.npmjs.org/canvas-context/-/canvas-context-3.3.0.tgz",
      "integrity": "sha512-gmiAY/gcv3FtzX5DbdVg9hHPJC3IEm3+X6cHhoSn590WutbpwWVgMuHQpeEP/ldBkPdvZRSO89uFBb2Aba4FYg==",
      "dev": true,
      "funding": [
        {
          "type": "individual",
          "url": "https://paypal.me/dmnsgn"
        },
        {
          "type": "individual",
          "url": "https://commerce.coinbase.com/checkout/56cbdf28-e323-48d8-9c98-7019e72c97f3"
        }
      ],
      "license": "MIT",
      "engines": {
        "node": ">=22.0.0",
        "npm": ">=10.5.1",
        "snowdev": ">=2.2.x"
      }
    },
    "node_modules/es-module-shims": {
      "version": "1.10.0",
      "resolved": "https://registry.npmjs.org/es-module-shims/-/es-module-shims-1.10.0.tgz",
      "integrity": "sha512-3PmuShQBd9d8pulTFx6L7HKgncnZ1oeSSbrEfnUasb3Tv974BAvyFtW1HLPJSkh5fCaU9JNZbBzPdbxSwg2zqA==",
      "dev": true,
      "license": "MIT"
    },
    "node_modules/simplex-noise": {
      "version": "4.0.1",
      "resolved": "https://registry.npmjs.org/simplex-noise/-/simplex-noise-4.0.1.tgz",
      "integrity": "sha512-zl/+bdSqW7HJOQ0oDbxrNYaF4F5ik0i7M6YOYmEoIJNtg16NpvWaTTM1Y7oV/7T0jFljawLgYPS81Uu2rsfo1A==",
      "dev": true
    },
    "node_modules/three": {
      "version": "0.166.1",
      "resolved": "https://registry.npmjs.org/three/-/three-0.166.1.tgz",
      "integrity": "sha512-LtuafkKHHzm61AQA1be2MAYIw1IjmhOUxhBa0prrLpEMWbV7ijvxCRHjSgHPGp2493wLBzwKV46tA9nivLEgKg==",
      "dev": true,
      "license": "MIT"
    },
    "node_modules/tweakpane": {
      "version": "4.0.4",
      "resolved": "https://registry.npmjs.org/tweakpane/-/tweakpane-4.0.4.tgz",
      "integrity": "sha512-RkWD54zDlEbnN01wQPk0ANHGbdCvlJx/E8A1QxhTfCbX+ROWos1Ws2MnhOm39aUGMOh+36TjUwpDmLfmwTr1Fg==",
      "dev": true,
      "license": "MIT",
      "funding": {
        "url": "https://github.com/sponsors/cocopon"
      }
    }
  },
  "dependencies": {
    "canvas-context": {
      "version": "3.3.0",
      "resolved": "https://registry.npmjs.org/canvas-context/-/canvas-context-3.3.0.tgz",
      "integrity": "sha512-gmiAY/gcv3FtzX5DbdVg9hHPJC3IEm3+X6cHhoSn590WutbpwWVgMuHQpeEP/ldBkPdvZRSO89uFBb2Aba4FYg==",
      "dev": true
    },
    "es-module-shims": {
      "version": "1.10.0",
      "resolved": "https://registry.npmjs.org/es-module-shims/-/es-module-shims-1.10.0.tgz",
      "integrity": "sha512-3PmuShQBd9d8pulTFx6L7HKgncnZ1oeSSbrEfnUasb3Tv974BAvyFtW1HLPJSkh5fCaU9JNZbBzPdbxSwg2zqA==",
      "dev": true
    },
    "simplex-noise": {
      "version": "4.0.1",
      "resolved": "https://registry.npmjs.org/simplex-noise/-/simplex-noise-4.0.1.tgz",
      "integrity": "sha512-zl/+bdSqW7HJOQ0oDbxrNYaF4F5ik0i7M6YOYmEoIJNtg16NpvWaTTM1Y7oV/7T0jFljawLgYPS81Uu2rsfo1A==",
      "dev": true
    },
    "three": {
      "version": "0.166.1",
      "resolved": "https://registry.npmjs.org/three/-/three-0.166.1.tgz",
      "integrity": "sha512-LtuafkKHHzm61AQA1be2MAYIw1IjmhOUxhBa0prrLpEMWbV7ijvxCRHjSgHPGp2493wLBzwKV46tA9nivLEgKg==",
      "dev": true
    },
    "tweakpane": {
      "version": "4.0.4",
      "resolved": "https://registry.npmjs.org/tweakpane/-/tweakpane-4.0.4.tgz",
      "integrity": "sha512-RkWD54zDlEbnN01wQPk0ANHGbdCvlJx/E8A1QxhTfCbX+ROWos1Ws2MnhOm39aUGMOh+36TjUwpDmLfmwTr1Fg==",
      "dev": true
    }
  }
}
