{
  "name": "vector-field",
  "version": "2.0.0",
  "lockfileVersion": 2,
  "requires": true,
  "packages": {
    "": {
      "version": "1.0.0",
      "funding": [
        {
          "type": "individual",
          "url": "https://paypal.me/dmnsgn"
        },
        {
          "type": "individual",
          "url": "https://commerce.coinbase.com/checkout/56cbdf28-e323-48d8-9c98-7019e72c97f3"
        }
      ],
      "license": "MIT",
      "devDependencies": {
        "canvas-context": "^3.0.2",
        "core-js": "^3.10.1",
        "dat.gui": "^0.7.7",
        "es-module-shims": "^0.10.4",
        "simplex-noise": "^2.4.0",
        "three": "^0.127.0"
      },
      "engines": {
        "node": ">=15.0.0",
        "npm": ">=7.0.0"
      }
    },
    "node_modules/canvas-context": {
      "version": "3.0.2",
      "resolved": "https://registry.npmjs.org/canvas-context/-/canvas-context-3.0.2.tgz",
      "integrity": "sha512-SPdqcdXXu6wWOc55oP5jcxHbYI1mDeExuhacDan4Br35A/0o3kKYZwlfE5VSzfRvjKhpwO9fIaFa9k6BJdEfGg==",
      "dev": true,
      "funding": [
        {
          "type": "individual",
          "url": "https://paypal.me/dmnsgn"
        },
        {
          "type": "individual",
          "url": "https://commerce.coinbase.com/checkout/56cbdf28-e323-48d8-9c98-7019e72c97f3"
        }
      ],
      "engines": {
        "node": ">=15.0.0",
        "npm": ">=7.0.0"
      }
    },
    "node_modules/core-js": {
      "version": "3.10.1",
      "resolved": "https://registry.npmjs.org/core-js/-/core-js-3.10.1.tgz",
      "integrity": "sha512-pwCxEXnj27XG47mu7SXAwhLP3L5CrlvCB91ANUkIz40P27kUcvNfSdvyZJ9CLHiVoKSp+TTChMQMSKQEH/IQxA==",
      "dev": true,
      "hasInstallScript": true,
      "funding": {
        "type": "opencollective",
        "url": "https://opencollective.com/core-js"
      }
    },
    "node_modules/dat.gui": {
      "version": "0.7.7",
      "resolved": "https://registry.npmjs.org/dat.gui/-/dat.gui-0.7.7.tgz",
      "integrity": "sha512-sRl/28gF/XRC5ywC9I4zriATTsQcpSsRG7seXCPnTkK8/EQMIbCu5NPMpICLGxX9ZEUvcXR3ArLYCtgreFoMDw==",
      "dev": true
    },
    "node_modules/es-module-shims": {
      "version": "0.10.4",
      "resolved": "https://registry.npmjs.org/es-module-shims/-/es-module-shims-0.10.4.tgz",
      "integrity": "sha512-tkmdigmgPVUWp1+psYM5gwBVhsgynU7v8CHpg74BmXSz+sXwAE42AdJahcoIkQPIUXhErX+BISAsW3chrFSCnQ==",
      "dev": true
    },
    "node_modules/simplex-noise": {
      "version": "2.4.0",
      "resolved": "https://registry.npmjs.org/simplex-noise/-/simplex-noise-2.4.0.tgz",
      "integrity": "sha512-OjyDWm/QZjVbMrPxDVi9b2as+SeNn9EBXlrWVRlFW+TSyWMSXouDryXkQN0vf5YP+QZKobrmkvx1eQYPLtuqfw==",
      "dev": true
    },
    "node_modules/three": {
      "version": "0.127.0",
      "resolved": "https://registry.npmjs.org/three/-/three-0.127.0.tgz",
      "integrity": "sha512-wtgrn+mhYUbobxT7QN3GPdu3SRpSBQvwY6uOzLChWS7QE//f7paDU/+wlzbg+ngeIvBBqjBHSRuywTh8A99Jng==",
      "dev": true
    }
  },
  "dependencies": {
    "canvas-context": {
      "version": "3.0.2",
      "resolved": "https://registry.npmjs.org/canvas-context/-/canvas-context-3.0.2.tgz",
      "integrity": "sha512-SPdqcdXXu6wWOc55oP5jcxHbYI1mDeExuhacDan4Br35A/0o3kKYZwlfE5VSzfRvjKhpwO9fIaFa9k6BJdEfGg==",
      "dev": true
    },
    "core-js": {
      "version": "3.10.1",
      "resolved": "https://registry.npmjs.org/core-js/-/core-js-3.10.1.tgz",
      "integrity": "sha512-pwCxEXnj27XG47mu7SXAwhLP3L5CrlvCB91ANUkIz40P27kUcvNfSdvyZJ9CLHiVoKSp+TTChMQMSKQEH/IQxA==",
      "dev": true
    },
    "dat.gui": {
      "version": "0.7.7",
      "resolved": "https://registry.npmjs.org/dat.gui/-/dat.gui-0.7.7.tgz",
      "integrity": "sha512-sRl/28gF/XRC5ywC9I4zriATTsQcpSsRG7seXCPnTkK8/EQMIbCu5NPMpICLGxX9ZEUvcXR3ArLYCtgreFoMDw==",
      "dev": true
    },
    "es-module-shims": {
      "version": "0.10.4",
      "resolved": "https://registry.npmjs.org/es-module-shims/-/es-module-shims-0.10.4.tgz",
      "integrity": "sha512-tkmdigmgPVUWp1+psYM5gwBVhsgynU7v8CHpg74BmXSz+sXwAE42AdJahcoIkQPIUXhErX+BISAsW3chrFSCnQ==",
      "dev": true
    },
    "simplex-noise": {
      "version": "2.4.0",
      "resolved": "https://registry.npmjs.org/simplex-noise/-/simplex-noise-2.4.0.tgz",
      "integrity": "sha512-OjyDWm/QZjVbMrPxDVi9b2as+SeNn9EBXlrWVRlFW+TSyWMSXouDryXkQN0vf5YP+QZKobrmkvx1eQYPLtuqfw==",
      "dev": true
    },
    "three": {
      "version": "0.127.0",
      "resolved": "https://registry.npmjs.org/three/-/three-0.127.0.tgz",
      "integrity": "sha512-wtgrn+mhYUbobxT7QN3GPdu3SRpSBQvwY6uOzLChWS7QE//f7paDU/+wlzbg+ngeIvBBqjBHSRuywTh8A99Jng==",
      "dev": true
    }
  }
}
